// !$*UTF8*$!
{
	archiveVersion = 1;
	classes = {
	};
	objectVersion = 56;
	objects = {

/* Begin PBXBuildFile section */
		2163FF002B6C236B00878E7B /* RimittanceApp.swift in Sources */ = {isa = PBXBuildFile; fileRef = 2163FEFF2B6C236B00878E7B /* RimittanceApp.swift */; };
		2163FF022B6C236B00878E7B /* ContentView.swift in Sources */ = {isa = PBXBuildFile; fileRef = 2163FF012B6C236B00878E7B /* ContentView.swift */; };
		2163FF042B6C236C00878E7B /* Assets.xcassets in Resources */ = {isa = PBXBuildFile; fileRef = 2163FF032B6C236C00878E7B /* Assets.xcassets */; };
		2163FF072B6C236C00878E7B /* Preview Assets.xcassets in Resources */ = {isa = PBXBuildFile; fileRef = 2163FF062B6C236C00878E7B /* Preview Assets.xcassets */; };
		2163FF112B6C236C00878E7B /* RimittanceTests.swift in Sources */ = {isa = PBXBuildFile; fileRef = 2163FF102B6C236C00878E7B /* RimittanceTests.swift */; };
		2163FF1B2B6C236C00878E7B /* RimittanceUITests.swift in Sources */ = {isa = PBXBuildFile; fileRef = 2163FF1A2B6C236C00878E7B /* RimittanceUITests.swift */; };
		2163FF1D2B6C236C00878E7B /* RimittanceUITestsLaunchTests.swift in Sources */ = {isa = PBXBuildFile; fileRef = 2163FF1C2B6C236C00878E7B /* RimittanceUITestsLaunchTests.swift */; };
/* End PBXBuildFile section */

/* Begin PBXContainerItemProxy section */
		2163FF0D2B6C236C00878E7B /* PBXContainerItemProxy */ = {
			isa = PBXContainerItemProxy;
			containerPortal = 2163FEF42B6C236B00878E7B /* Project object */;
			proxyType = 1;
			remoteGlobalIDString = 2163FEFB2B6C236B00878E7B;
			remoteInfo = Rimittance;
		};
		2163FF172B6C236C00878E7B /* PBXContainerItemProxy */ = {
			isa = PBXContainerItemProxy;
			containerPortal = 2163FEF42B6C236B00878E7B /* Project object */;
			proxyType = 1;
			remoteGlobalIDString = 2163FEFB2B6C236B00878E7B;
			remoteInfo = Rimittance;
		};
/* End PBXContainerItemProxy section */

/* Begin PBXFileReference section */
		2163FEFC2B6C236B00878E7B /* Rimittance.app */ = {isa = PBXFileReference; explicitFileType = wrapper.application; includeInIndex = 0; path = Rimittance.app; sourceTree = BUILT_PRODUCTS_DIR; };
		2163FEFF2B6C236B00878E7B /* RimittanceApp.swift */ = {isa = PBXFileReference; lastKnownFileType = sourcecode.swift; path = RimittanceApp.swift; sourceTree = "<group>"; };
		2163FF012B6C236B00878E7B /* ContentView.swift */ = {isa = PBXFileReference; lastKnownFileType = sourcecode.swift; path = ContentView.swift; sourceTree = "<group>"; };
		2163FF032B6C236C00878E7B /* Assets.xcassets */ = {isa = PBXFileReference; lastKnownFileType = folder.assetcatalog; path = Assets.xcassets; sourceTree = "<group>"; };
		2163FF062B6C236C00878E7B /* Preview Assets.xcassets */ = {isa = PBXFileReference; lastKnownFileType = folder.assetcatalog; path = "Preview Assets.xcassets"; sourceTree = "<group>"; };
		2163FF0C2B6C236C00878E7B /* RimittanceTests.xctest */ = {isa = PBXFileReference; explicitFileType = wrapper.cfbundle; includeInIndex = 0; path = RimittanceTests.xctest; sourceTree = BUILT_PRODUCTS_DIR; };
		2163FF102B6C236C00878E7B /* RimittanceTests.swift */ = {isa = PBXFileReference; lastKnownFileType = sourcecode.swift; path = RimittanceTests.swift; sourceTree = "<group>"; };
		2163FF162B6C236C00878E7B /* RimittanceUITests.xctest */ = {isa = PBXFileReference; explicitFileType = wrapper.cfbundle; includeInIndex = 0; path = RimittanceUITests.xctest; sourceTree = BUILT_PRODUCTS_DIR; };
		2163FF1A2B6C236C00878E7B /* RimittanceUITests.swift */ = {isa = PBXFileReference; lastKnownFileType = sourcecode.swift; path = RimittanceUITests.swift; sourceTree = "<group>"; };
		2163FF1C2B6C236C00878E7B /* RimittanceUITestsLaunchTests.swift */ = {isa = PBXFileReference; lastKnownFileType = sourcecode.swift; path = RimittanceUITestsLaunchTests.swift; sourceTree = "<group>"; };
/* End PBXFileReference section */

/* Begin PBXFrameworksBuildPhase section */
		2163FEF92B6C236B00878E7B /* Frameworks */ = {
			isa = PBXFrameworksBuildPhase;
			buildActionMask = 2147483647;
			files = (
			);
			runOnlyForDeploymentPostprocessing = 0;
		};
		2163FF092B6C236C00878E7B /* Frameworks */ = {
			isa = PBXFrameworksBuildPhase;
			buildActionMask = 2147483647;
			files = (
			);
			runOnlyForDeploymentPostprocessing = 0;
		};
		2163FF132B6C236C00878E7B /* Frameworks */ = {
			isa = PBXFrameworksBuildPhase;
			buildActionMask = 2147483647;
			files = (
			);
			runOnlyForDeploymentPostprocessing = 0;
		};
/* End PBXFrameworksBuildPhase section */

/* Begin PBXGroup section */
		2163FEF32B6C236B00878E7B = {
			isa = PBXGroup;
			children = (
				2163FEFE2B6C236B00878E7B /* Rimittance */,
				2163FF0F2B6C236C00878E7B /* RimittanceTests */,
				2163FF192B6C236C00878E7B /* RimittanceUITests */,
				2163FEFD2B6C236B00878E7B /* Products */,
			);
			sourceTree = "<group>";
		};
		2163FEFD2B6C236B00878E7B /* Products */ = {
			isa = PBXGroup;
			children = (
				2163FEFC2B6C236B00878E7B /* Rimittance.app */,
				2163FF0C2B6C236C00878E7B /* RimittanceTests.xctest */,
				2163FF162B6C236C00878E7B /* RimittanceUITests.xctest */,
			);
			name = Products;
			sourceTree = "<group>";
		};
		2163FEFE2B6C236B00878E7B /* Rimittance */ = {
			isa = PBXGroup;
			children = (
				2163FEFF2B6C236B00878E7B /* RimittanceApp.swift */,
				2163FF012B6C236B00878E7B /* ContentView.swift */,
				2163FF032B6C236C00878E7B /* Assets.xcassets */,
				2163FF052B6C236C00878E7B /* Preview Content */,
			);
			path = Rimittance;
			sourceTree = "<group>";
		};
		2163FF052B6C236C00878E7B /* Preview Content */ = {
			isa = PBXGroup;
			children = (
				2163FF062B6C236C00878E7B /* Preview Assets.xcassets */,
			);
			path = "Preview Content";
			sourceTree = "<group>";
		};
		2163FF0F2B6C236C00878E7B /* RimittanceTests */ = {
			isa = PBXGroup;
			children = (
				2163FF102B6C236C00878E7B /* RimittanceTests.swift */,
			);
			path = RimittanceTests;
			sourceTree = "<group>";
		};
		2163FF192B6C236C00878E7B /* RimittanceUITests */ = {
			isa = PBXGroup;
			children = (
				2163FF1A2B6C236C00878E7B /* RimittanceUITests.swift */,
				2163FF1C2B6C236C00878E7B /* RimittanceUITestsLaunchTests.swift */,
			);
			path = RimittanceUITests;
			sourceTree = "<group>";
		};
/* End PBXGroup section */

/* Begin PBXNativeTarget section */
		2163FEFB2B6C236B00878E7B /* Rimittance */ = {
			isa = PBXNativeTarget;
			buildConfigurationList = 2163FF202B6C236C00878E7B /* Build configuration list for PBXNativeTarget "Rimittance" */;
			buildPhases = (
				2163FEF82B6C236B00878E7B /* Sources */,
				2163FEF92B6C236B00878E7B /* Frameworks */,
				2163FEFA2B6C236B00878E7B /* Resources */,
			);
			buildRules = (
			);
			dependencies = (
			);
			name = Rimittance;
			productName = Rimittance;
			productReference = 2163FEFC2B6C236B00878E7B /* Rimittance.app */;
			productType = "com.apple.product-type.application";
		};
		2163FF0B2B6C236C00878E7B /* RimittanceTests */ = {
			isa = PBXNativeTarget;
			buildConfigurationList = 2163FF232B6C236C00878E7B /* Build configuration list for PBXNativeTarget "RimittanceTests" */;
			buildPhases = (
				2163FF082B6C236C00878E7B /* Sources */,
				2163FF092B6C236C00878E7B /* Frameworks */,
				2163FF0A2B6C236C00878E7B /* Resources */,
			);
			buildRules = (
			);
			dependencies = (
				2163FF0E2B6C236C00878E7B /* PBXTargetDependency */,
			);
			name = RimittanceTests;
			productName = RimittanceTests;
			productReference = 2163FF0C2B6C236C00878E7B /* RimittanceTests.xctest */;
			productType = "com.apple.product-type.bundle.unit-test";
		};
		2163FF152B6C236C00878E7B /* RimittanceUITests */ = {
			isa = PBXNativeTarget;
			buildConfigurationList = 2163FF262B6C236C00878E7B /* Build configuration list for PBXNativeTarget "RimittanceUITests" */;
			buildPhases = (
				2163FF122B6C236C00878E7B /* Sources */,
				2163FF132B6C236C00878E7B /* Frameworks */,
				2163FF142B6C236C00878E7B /* Resources */,
			);
			buildRules = (
			);
			dependencies = (
				2163FF182B6C236C00878E7B /* PBXTargetDependency */,
			);
			name = RimittanceUITests;
			productName = RimittanceUITests;
			productReference = 2163FF162B6C236C00878E7B /* RimittanceUITests.xctest */;
			productType = "com.apple.product-type.bundle.ui-testing";
		};
/* End PBXNativeTarget section */

/* Begin PBXProject section */
		2163FEF42B6C236B00878E7B /* Project object */ = {
			isa = PBXProject;
			attributes = {
				BuildIndependentTargetsInParallel = 1;
				LastSwiftUpdateCheck = 1500;
				LastUpgradeCheck = 1500;
				TargetAttributes = {
					2163FEFB2B6C236B00878E7B = {
						CreatedOnToolsVersion = 15.0;
					};
					2163FF0B2B6C236C00878E7B = {
						CreatedOnToolsVersion = 15.0;
						TestTargetID = 2163FEFB2B6C236B00878E7B;
					};
					2163FF152B6C236C00878E7B = {
						CreatedOnToolsVersion = 15.0;
						TestTargetID = 2163FEFB2B6C236B00878E7B;
					};
				};
			};
			buildConfigurationList = 2163FEF72B6C236B00878E7B /* Build configuration list for PBXProject "Rimittance" */;
			compatibilityVersion = "Xcode 14.0";
			developmentRegion = en;
			hasScannedForEncodings = 0;
			knownRegions = (
				en,
				Base,
			);
			mainGroup = 2163FEF32B6C236B00878E7B;
			productRefGroup = 2163FEFD2B6C236B00878E7B /* Products */;
			projectDirPath = "";
			projectRoot = "";
			targets = (
				2163FEFB2B6C236B00878E7B /* Rimittance */,
				2163FF0B2B6C236C00878E7B /* RimittanceTests */,
				2163FF152B6C236C00878E7B /* RimittanceUITests */,
			);
		};
/* End PBXProject section */

/* Begin PBXResourcesBuildPhase section */
		2163FEFA2B6C236B00878E7B /* Resources */ = {
			isa = PBXResourcesBuildPhase;
			buildActionMask = 2147483647;
			files = (
				2163FF072B6C236C00878E7B /* Preview Assets.xcassets in Resources */,
				2163FF042B6C236C00878E7B /* Assets.xcassets in Resources */,
			);
			runOnlyForDeploymentPostprocessing = 0;
		};
		2163FF0A2B6C236C00878E7B /* Resources */ = {
			isa = PBXResourcesBuildPhase;
			buildActionMask = 2147483647;
			files = (
			);
			runOnlyForDeploymentPostprocessing = 0;
		};
		2163FF142B6C236C00878E7B /* Resources */ = {
			isa = PBXResourcesBuildPhase;
			buildActionMask = 2147483647;
			files = (
			);
			runOnlyForDeploymentPostprocessing = 0;
		};
/* End PBXResourcesBuildPhase section */

/* Begin PBXSourcesBuildPhase section */
		2163FEF82B6C236B00878E7B /* Sources */ = {
			isa = PBXSourcesBuildPhase;
			buildActionMask = 2147483647;
			files = (
				2163FF022B6C236B00878E7B /* ContentView.swift in Sources */,
				2163FF002B6C236B00878E7B /* RimittanceApp.swift in Sources */,
			);
			runOnlyForDeploymentPostprocessing = 0;
		};
		2163FF082B6C236C00878E7B /* Sources */ = {
			isa = PBXSourcesBuildPhase;
			buildActionMask = 2147483647;
			files = (
				2163FF112B6C236C00878E7B /* RimittanceTests.swift in Sources */,
			);
			runOnlyForDeploymentPostprocessing = 0;
		};
		2163FF122B6C236C00878E7B /* Sources */ = {
			isa = PBXSourcesBuildPhase;
			buildActionMask = 2147483647;
			files = (
				2163FF1D2B6C236C00878E7B /* RimittanceUITestsLaunchTests.swift in Sources */,
				2163FF1B2B6C236C00878E7B /* RimittanceUITests.swift in Sources */,
			);
			runOnlyForDeploymentPostprocessing = 0;
		};
/* End PBXSourcesBuildPhase section */

/* Begin PBXTargetDependency section */
		2163FF0E2B6C236C00878E7B /* PBXTargetDependency */ = {
			isa = PBXTargetDependency;
			target = 2163FEFB2B6C236B00878E7B /* Rimittance */;
			targetProxy = 2163FF0D2B6C236C00878E7B /* PBXContainerItemProxy */;
		};
		2163FF182B6C236C00878E7B /* PBXTargetDependency */ = {
			isa = PBXTargetDependency;
			target = 2163FEFB2B6C236B00878E7B /* Rimittance */;
			targetProxy = 2163FF172B6C236C00878E7B /* PBXContainerItemProxy */;
		};
/* End PBXTargetDependency section */

/* Begin XCBuildConfiguration section */
		2163FF1E2B6C236C00878E7B /* Debug */ = {
			isa = XCBuildConfiguration;
			buildSettings = {
				ALWAYS_SEARCH_USER_PATHS = NO;
				ASSETCATALOG_COMPILER_GENERATE_SWIFT_ASSET_SYMBOL_EXTENSIONS = YES;
				CLANG_ANALYZER_NONNULL = YES;
				CLANG_ANALYZER_NUMBER_OBJECT_CONVERSION = YES_AGGRESSIVE;
				CLANG_CXX_LANGUAGE_STANDARD = "gnu++20";
				CLANG_ENABLE_MODULES = YES;
				CLANG_ENABLE_OBJC_ARC = YES;
				CLANG_ENABLE_OBJC_WEAK = YES;
				CLANG_WARN_BLOCK_CAPTURE_AUTORELEASING = YES;
				CLANG_WARN_BOOL_CONVERSION = YES;
				CLANG_WARN_COMMA = YES;
				CLANG_WARN_CONSTANT_CONVERSION = YES;
				CLANG_WARN_DEPRECATED_OBJC_IMPLEMENTATIONS = YES;
				CLANG_WARN_DIRECT_OBJC_ISA_USAGE = YES_ERROR;
				CLANG_WARN_DOCUMENTATION_COMMENTS = YES;
				CLANG_WARN_EMPTY_BODY = YES;
				CLANG_WARN_ENUM_CONVERSION = YES;
				CLANG_WARN_INFINITE_RECURSION = YES;
				CLANG_WARN_INT_CONVERSION = YES;
				CLANG_WARN_NON_LITERAL_NULL_CONVERSION = YES;
				CLANG_WARN_OBJC_IMPLICIT_RETAIN_SELF = YES;
				CLANG_WARN_OBJC_LITERAL_CONVERSION = YES;
				CLANG_WARN_OBJC_ROOT_CLASS = YES_ERROR;
				CLANG_WARN_QUOTED_INCLUDE_IN_FRAMEWORK_HEADER = YES;
				CLANG_WARN_RANGE_LOOP_ANALYSIS = YES;
				CLANG_WARN_STRICT_PROTOTYPES = YES;
				CLANG_WARN_SUSPICIOUS_MOVE = YES;
				CLANG_WARN_UNGUARDED_AVAILABILITY = YES_AGGRESSIVE;
				CLANG_WARN_UNREACHABLE_CODE = YES;
				CLANG_WARN__DUPLICATE_METHOD_MATCH = YES;
				COPY_PHASE_STRIP = NO;
				DEBUG_INFORMATION_FORMAT = dwarf;
				ENABLE_STRICT_OBJC_MSGSEND = YES;
				ENABLE_TESTABILITY = YES;
				ENABLE_USER_SCRIPT_SANDBOXING = YES;
				GCC_C_LANGUAGE_STANDARD = gnu17;
				GCC_DYNAMIC_NO_PIC = NO;
				GCC_NO_COMMON_BLOCKS = YES;
				GCC_OPTIMIZATION_LEVEL = 0;
				GCC_PREPROCESSOR_DEFINITIONS = (
					"DEBUG=1",
					"$(inherited)",
				);
				GCC_WARN_64_TO_32_BIT_CONVERSION = YES;
				GCC_WARN_ABOUT_RETURN_TYPE = YES_ERROR;
				GCC_WARN_UNDECLARED_SELECTOR = YES;
				GCC_WARN_UNINITIALIZED_AUTOS = YES_AGGRESSIVE;
				GCC_WARN_UNUSED_FUNCTION = YES;
				GCC_WARN_UNUSED_VARIABLE = YES;
				IPHONEOS_DEPLOYMENT_TARGET = 15.0;
				LOCALIZATION_PREFERS_STRING_CATALOGS = YES;
				MTL_ENABLE_DEBUG_INFO = INCLUDE_SOURCE;
				MTL_FAST_MATH = YES;
				ONLY_ACTIVE_ARCH = YES;
				SDKROOT = iphoneos;
				SWIFT_ACTIVE_COMPILATION_CONDITIONS = "DEBUG $(inherited)";
				SWIFT_OPTIMIZATION_LEVEL = "-Onone";
			};
			name = Debug;
		};
		2163FF1F2B6C236C00878E7B /* Release */ = {
			isa = XCBuildConfiguration;
			buildSettings = {
				ALWAYS_SEARCH_USER_PATHS = NO;
				ASSETCATALOG_COMPILER_GENERATE_SWIFT_ASSET_SYMBOL_EXTENSIONS = YES;
				CLANG_ANALYZER_NONNULL = YES;
				CLANG_ANALYZER_NUMBER_OBJECT_CONVERSION = YES_AGGRESSIVE;
				CLANG_CXX_LANGUAGE_STANDARD = "gnu++20";
				CLANG_ENABLE_MODULES = YES;
				CLANG_ENABLE_OBJC_ARC = YES;
				CLANG_ENABLE_OBJC_WEAK = YES;
				CLANG_WARN_BLOCK_CAPTURE_AUTORELEASING = YES;
				CLANG_WARN_BOOL_CONVERSION = YES;
				CLANG_WARN_COMMA = YES;
				CLANG_WARN_CONSTANT_CONVERSION = YES;
				CLANG_WARN_DEPRECATED_OBJC_IMPLEMENTATIONS = YES;
				CLANG_WARN_DIRECT_OBJC_ISA_USAGE = YES_ERROR;
				CLANG_WARN_DOCUMENTATION_COMMENTS = YES;
				CLANG_WARN_EMPTY_BODY = YES;
				CLANG_WARN_ENUM_CONVERSION = YES;
				CLANG_WARN_INFINITE_RECURSION = YES;
				CLANG_WARN_INT_CONVERSION = YES;
				CLANG_WARN_NON_LITERAL_NULL_CONVERSION = YES;
				CLANG_WARN_OBJC_IMPLICIT_RETAIN_SELF = YES;
				CLANG_WARN_OBJC_LITERAL_CONVERSION = YES;
				CLANG_WARN_OBJC_ROOT_CLASS = YES_ERROR;
				CLANG_WARN_QUOTED_INCLUDE_IN_FRAMEWORK_HEADER = YES;
				CLANG_WARN_RANGE_LOOP_ANALYSIS = YES;
				CLANG_WARN_STRICT_PROTOTYPES = YES;
				CLANG_WARN_SUSPICIOUS_MOVE = YES;
				CLANG_WARN_UNGUARDED_AVAILABILITY = YES_AGGRESSIVE;
				CLANG_WARN_UNREACHABLE_CODE = YES;
				CLANG_WARN__DUPLICATE_METHOD_MATCH = YES;
				COPY_PHASE_STRIP = NO;
				DEBUG_INFORMATION_FORMAT = "dwarf-with-dsym";
				ENABLE_NS_ASSERTIONS = NO;
				ENABLE_STRICT_OBJC_MSGSEND = YES;
				ENABLE_USER_SCRIPT_SANDBOXING = YES;
				GCC_C_LANGUAGE_STANDARD = gnu17;
				GCC_NO_COMMON_BLOCKS = YES;
				GCC_WARN_64_TO_32_BIT_CONVERSION = YES;
				GCC_WARN_ABOUT_RETURN_TYPE = YES_ERROR;
				GCC_WARN_UNDECLARED_SELECTOR = YES;
				GCC_WARN_UNINITIALIZED_AUTOS = YES_AGGRESSIVE;
				GCC_WARN_UNUSED_FUNCTION = YES;
				GCC_WARN_UNUSED_VARIABLE = YES;
				IPHONEOS_DEPLOYMENT_TARGET = 15.0;
				LOCALIZATION_PREFERS_STRING_CATALOGS = YES;
				MTL_ENABLE_DEBUG_INFO = NO;
				MTL_FAST_MATH = YES;
				SDKROOT = iphoneos;
				SWIFT_COMPILATION_MODE = wholemodule;
				VALIDATE_PRODUCT = YES;
			};
			name = Release;
		};
		2163FF212B6C236C00878E7B /* Debug */ = {
			isa = XCBuildConfiguration;
			buildSettings = {
				ASSETCATALOG_COMPILER_APPICON_NAME = AppIcon;
				ASSETCATALOG_COMPILER_GLOBAL_ACCENT_COLOR_NAME = AccentColor;
				CODE_SIGN_STYLE = Automatic;
				CURRENT_PROJECT_VERSION = 1;
				DEVELOPMENT_ASSET_PATHS = "\"Rimittance/Preview Content\"";
				DEVELOPMENT_TEAM = MGCY2WK7TS;
				ENABLE_PREVIEWS = YES;
				GENERATE_INFOPLIST_FILE = YES;
				INFOPLIST_KEY_UIApplicationSceneManifest_Generation = YES;
				INFOPLIST_KEY_UIApplicationSupportsIndirectInputEvents = YES;
				INFOPLIST_KEY_UILaunchScreen_Generation = YES;
				INFOPLIST_KEY_UISupportedInterfaceOrientations_iPad = "UIInterfaceOrientationPortrait UIInterfaceOrientationPortraitUpsideDown UIInterfaceOrientationLandscapeLeft UIInterfaceOrientationLandscapeRight";
				INFOPLIST_KEY_UISupportedInterfaceOrientations_iPhone = "UIInterfaceOrientationPortrait UIInterfaceOrientationLandscapeLeft UIInterfaceOrientationLandscapeRight";
				IPHONEOS_DEPLOYMENT_TARGET = 15.0;
				LD_RUNPATH_SEARCH_PATHS = (
					"$(inherited)",
					"@executable_path/Frameworks",
				);
				MARKETING_VERSION = 1.0;
				PRODUCT_BUNDLE_IDENTIFIER = com.ayoub.Rimittance;
				PRODUCT_NAME = "$(TARGET_NAME)";
				SWIFT_EMIT_LOC_STRINGS = YES;
				SWIFT_VERSION = 5.0;
				TARGETED_DEVICE_FAMILY = "1,2";
			};
			name = Debug;
		};
		2163FF222B6C236C00878E7B /* Release */ = {
			isa = XCBuildConfiguration;
			buildSettings = {
				ASSETCATALOG_COMPILER_APPICON_NAME = AppIcon;
				ASSETCATALOG_COMPILER_GLOBAL_ACCENT_COLOR_NAME = AccentColor;
				CODE_SIGN_STYLE = Automatic;
				CURRENT_PROJECT_VERSION = 1;
				DEVELOPMENT_ASSET_PATHS = "\"Rimittance/Preview Content\"";
				DEVELOPMENT_TEAM = MGCY2WK7TS;
				ENABLE_PREVIEWS = YES;
				GENERATE_INFOPLIST_FILE = YES;
				INFOPLIST_KEY_UIApplicationSceneManifest_Generation = YES;
				INFOPLIST_KEY_UIApplicationSupportsIndirectInputEvents = YES;
				INFOPLIST_KEY_UILaunchScreen_Generation = YES;
				INFOPLIST_KEY_UISupportedInterfaceOrientations_iPad = "UIInterfaceOrientationPortrait UIInterfaceOrientationPortraitUpsideDown UIInterfaceOrientationLandscapeLeft UIInterfaceOrientationLandscapeRight";
				INFOPLIST_KEY_UISupportedInterfaceOrientations_iPhone = "UIInterfaceOrientationPortrait UIInterfaceOrientationLandscapeLeft UIInterfaceOrientationLandscapeRight";
				IPHONEOS_DEPLOYMENT_TARGET = 15.0;
				LD_RUNPATH_SEARCH_PATHS = (
					"$(inherited)",
					"@executable_path/Frameworks",
				);
				MARKETING_VERSION = 1.0;
				PRODUCT_BUNDLE_IDENTIFIER = com.ayoub.Rimittance;
				PRODUCT_NAME = "$(TARGET_NAME)";
				SWIFT_EMIT_LOC_STRINGS = YES;
				SWIFT_VERSION = 5.0;
				TARGETED_DEVICE_FAMILY = "1,2";
			};
			name = Release;
		};
		2163FF242B6C236C00878E7B /* Debug */ = {
			isa = XCBuildConfiguration;
			buildSettings = {
				ALWAYS_EMBED_SWIFT_STANDARD_LIBRARIES = YES;
				BUNDLE_LOADER = "$(TEST_HOST)";
				CODE_SIGN_STYLE = Automatic;
				CURRENT_PROJECT_VERSION = 1;
				DEVELOPMENT_TEAM = MGCY2WK7TS;
				GENERATE_INFOPLIST_FILE = YES;
				IPHONEOS_DEPLOYMENT_TARGET = 17.0;
				MARKETING_VERSION = 1.0;
				PRODUCT_BUNDLE_IDENTIFIER = com.ayoub.RimittanceTests;
				PRODUCT_NAME = "$(TARGET_NAME)";
				SWIFT_EMIT_LOC_STRINGS = NO;
				SWIFT_VERSION = 5.0;
				TARGETED_DEVICE_FAMILY = "1,2";
				TEST_HOST = "$(BUILT_PRODUCTS_DIR)/Rimittance.app/$(BUNDLE_EXECUTABLE_FOLDER_PATH)/Rimittance";
			};
			name = Debug;
		};
		2163FF252B6C236C00878E7B /* Release */ = {
			isa = XCBuildConfiguration;
			buildSettings = {
				ALWAYS_EMBED_SWIFT_STANDARD_LIBRARIES = YES;
				BUNDLE_LOADER = "$(TEST_HOST)";
				CODE_SIGN_STYLE = Automatic;
				CURRENT_PROJECT_VERSION = 1;
				DEVELOPMENT_TEAM = MGCY2WK7TS;
				GENERATE_INFOPLIST_FILE = YES;
				IPHONEOS_DEPLOYMENT_TARGET = 17.0;
				MARKETING_VERSION = 1.0;
				PRODUCT_BUNDLE_IDENTIFIER = com.ayoub.RimittanceTests;
				PRODUCT_NAME = "$(TARGET_NAME)";
				SWIFT_EMIT_LOC_STRINGS = NO;
				SWIFT_VERSION = 5.0;
				TARGETED_DEVICE_FAMILY = "1,2";
				TEST_HOST = "$(BUILT_PRODUCTS_DIR)/Rimittance.app/$(BUNDLE_EXECUTABLE_FOLDER_PATH)/Rimittance";
			};
			name = Release;
		};
		2163FF272B6C236C00878E7B /* Debug */ = {
			isa = XCBuildConfiguration;
			buildSettings = {
				ALWAYS_EMBED_SWIFT_STANDARD_LIBRARIES = YES;
				CODE_SIGN_STYLE = Automatic;
				CURRENT_PROJECT_VERSION = 1;
				DEVELOPMENT_TEAM = MGCY2WK7TS;
				GENERATE_INFOPLIST_FILE = YES;
				MARKETING_VERSION = 1.0;
				PRODUCT_BUNDLE_IDENTIFIER = com.ayoub.RimittanceUITests;
				PRODUCT_NAME = "$(TARGET_NAME)";
				SWIFT_EMIT_LOC_STRINGS = NO;
				SWIFT_VERSION = 5.0;
				TARGETED_DEVICE_FAMILY = "1,2";
				TEST_TARGET_NAME = Rimittance;
			};
			name = Debug;
		};
		2163FF282B6C236C00878E7B /* Release */ = {
			isa = XCBuildConfiguration;
			buildSettings = {
				ALWAYS_EMBED_SWIFT_STANDARD_LIBRARIES = YES;
				CODE_SIGN_STYLE = Automatic;
				CURRENT_PROJECT_VERSION = 1;
				DEVELOPMENT_TEAM = MGCY2WK7TS;
				GENERATE_INFOPLIST_FILE = YES;
				MARKETING_VERSION = 1.0;
				PRODUCT_BUNDLE_IDENTIFIER = com.ayoub.RimittanceUITests;
				PRODUCT_NAME = "$(TARGET_NAME)";
				SWIFT_EMIT_LOC_STRINGS = NO;
				SWIFT_VERSION = 5.0;
				TARGETED_DEVICE_FAMILY = "1,2";
				TEST_TARGET_NAME = Rimittance;
			};
			name = Release;
		};
/* End XCBuildConfiguration section */

/* Begin XCConfigurationList section */
		2163FEF72B6C236B00878E7B /* Build configuration list for PBXProject "Rimittance" */ = {
			isa = XCConfigurationList;
			buildConfigurations = (
				2163FF1E2B6C236C00878E7B /* Debug */,
				2163FF1F2B6C236C00878E7B /* Release */,
			);
			defaultConfigurationIsVisible = 0;
			defaultConfigurationName = Release;
		};
		2163FF202B6C236C00878E7B /* Build configuration list for PBXNativeTarget "Rimittance" */ = {
			isa = XCConfigurationList;
			buildConfigurations = (
				2163FF212B6C236C00878E7B /* Debug */,
				2163FF222B6C236C00878E7B /* Release */,
			);
			defaultConfigurationIsVisible = 0;
			defaultConfigurationName = Release;
		};
		2163FF232B6C236C00878E7B /* Build configuration list for PBXNativeTarget "RimittanceTests" */ = {
			isa = XCConfigurationList;
			buildConfigurations = (
				2163FF242B6C236C00878E7B /* Debug */,
				2163FF252B6C236C00878E7B /* Release */,
			);
			defaultConfigurationIsVisible = 0;
			defaultConfigurationName = Release;
		};
		2163FF262B6C236C00878E7B /* Build configuration list for PBXNativeTarget "RimittanceUITests" */ = {
			isa = XCConfigurationList;
			buildConfigurations = (
				2163FF272B6C236C00878E7B /* Debug */,
				2163FF282B6C236C00878E7B /* Release */,
			);
			defaultConfigurationIsVisible = 0;
			defaultConfigurationName = Release;
		};
/* End XCConfigurationList section */
	};
	rootObject = 2163FEF42B6C236B00878E7B /* Project object */;
}
