// !$*UTF8*$!
{
	archiveVersion = 1;
	classes = {
	};
	objectVersion = 56;
	objects = {

/* Begin PBXBuildFile section */
		2163FF002B6C236B00878E7B /* RimittanceApp.swift in Sources */ = {isa = PBXBuildFile; fileRef = 2163FEFF2B6C236B00878E7B /* RimittanceApp.swift */; };
		2163FF042B6C236C00878E7B /* Assets.xcassets in Resources */ = {isa = PBXBuildFile; fileRef = 2163FF032B6C236C00878E7B /* Assets.xcassets */; };
		2163FF072B6C236C00878E7B /* Preview Assets.xcassets in Resources */ = {isa = PBXBuildFile; fileRef = 2163FF062B6C236C00878E7B /* Preview Assets.xcassets */; };
		2163FF112B6C236C00878E7B /* RimittanceTests.swift in Sources */ = {isa = PBXBuildFile; fileRef = 2163FF102B6C236C00878E7B /* RimittanceTests.swift */; };
		2163FF1B2B6C236C00878E7B /* RimittanceUITests.swift in Sources */ = {isa = PBXBuildFile; fileRef = 2163FF1A2B6C236C00878E7B /* RimittanceUITests.swift */; };
		2163FF1D2B6C236C00878E7B /* RimittanceUITestsLaunchTests.swift in Sources */ = {isa = PBXBuildFile; fileRef = 2163FF1C2B6C236C00878E7B /* RimittanceUITestsLaunchTests.swift */; };
		2163FF6D2B6C2D7A00878E7B /* CoordinatorView.swift in Sources */ = {isa = PBXBuildFile; fileRef = 2163FF6C2B6C2D7A00878E7B /* CoordinatorView.swift */; };
		2163FF6F2B6C2D8400878E7B /* CoordinatorViewStackTrigger.swift in Sources */ = {isa = PBXBuildFile; fileRef = 2163FF6E2B6C2D8400878E7B /* CoordinatorViewStackTrigger.swift */; };
		2163FF712B6C2D8F00878E7B /* NavigationCoordinator.swift in Sources */ = {isa = PBXBuildFile; fileRef = 2163FF702B6C2D8F00878E7B /* NavigationCoordinator.swift */; };
		2163FF732B6C31D200878E7B /* Observer.swift in Sources */ = {isa = PBXBuildFile; fileRef = 2163FF722B6C31D200878E7B /* Observer.swift */; };
		2163FF752B6C31E600878E7B /* Color.swift in Sources */ = {isa = PBXBuildFile; fileRef = 2163FF742B6C31E600878E7B /* Color.swift */; };
		2163FF772B6C31F200878E7B /* Font.swift in Sources */ = {isa = PBXBuildFile; fileRef = 2163FF762B6C31F200878E7B /* Font.swift */; };
		2163FF792B6C323000878E7B /* View.swift in Sources */ = {isa = PBXBuildFile; fileRef = 2163FF782B6C323000878E7B /* View.swift */; };
		2163FF7B2B6C323D00878E7B /* Text.swift in Sources */ = {isa = PBXBuildFile; fileRef = 2163FF7A2B6C323D00878E7B /* Text.swift */; };
		2163FF802B6C38E700878E7B /* Outfit-SemiBold.ttf in Resources */ = {isa = PBXBuildFile; fileRef = 2163FF7C2B6C38E700878E7B /* Outfit-SemiBold.ttf */; };
		2163FF812B6C38E700878E7B /* Outfit-Regular.ttf in Resources */ = {isa = PBXBuildFile; fileRef = 2163FF7D2B6C38E700878E7B /* Outfit-Regular.ttf */; };
		2163FF822B6C38E700878E7B /* Outfit-Bold.ttf in Resources */ = {isa = PBXBuildFile; fileRef = 2163FF7E2B6C38E700878E7B /* Outfit-Bold.ttf */; };
		2163FF832B6C38E700878E7B /* Outfit-Medium.ttf in Resources */ = {isa = PBXBuildFile; fileRef = 2163FF7F2B6C38E700878E7B /* Outfit-Medium.ttf */; };
		2163FF882B6C3B3C00878E7B /* Localizable.strings in Resources */ = {isa = PBXBuildFile; fileRef = 2163FF8A2B6C3B3C00878E7B /* Localizable.strings */; };
		2163FF8D2B6C452800878E7B /* Alamofire in Frameworks */ = {isa = PBXBuildFile; productRef = 2163FF8C2B6C452800878E7B /* Alamofire */; };
		2163FF902B6C455900878E7B /* BottomSheetUI in Frameworks */ = {isa = PBXBuildFile; productRef = 2163FF8F2B6C455900878E7B /* BottomSheetUI */; };
		2163FF922B6C45B100878E7B /* NetworkService.swift in Sources */ = {isa = PBXBuildFile; fileRef = 2163FF912B6C45B100878E7B /* NetworkService.swift */; };
		2163FF942B6C466C00878E7B /* EscapingSlashes.swift in Sources */ = {isa = PBXBuildFile; fileRef = 2163FF932B6C466C00878E7B /* EscapingSlashes.swift */; };
		2163FF962B6C46DE00878E7B /* String.swift in Sources */ = {isa = PBXBuildFile; fileRef = 2163FF952B6C46DE00878E7B /* String.swift */; };
		2163FF982B6C47F100878E7B /* Double.swift in Sources */ = {isa = PBXBuildFile; fileRef = 2163FF972B6C47F100878E7B /* Double.swift */; };
		2163FF9A2B6C483F00878E7B /* RecipientRepo.swift in Sources */ = {isa = PBXBuildFile; fileRef = 2163FF992B6C483F00878E7B /* RecipientRepo.swift */; };
		2163FF9C2B6C484900878E7B /* CountryRepo.swift in Sources */ = {isa = PBXBuildFile; fileRef = 2163FF9B2B6C484900878E7B /* CountryRepo.swift */; };
		2163FF9E2B6C485200878E7B /* WalletRepo.swift in Sources */ = {isa = PBXBuildFile; fileRef = 2163FF9D2B6C485200878E7B /* WalletRepo.swift */; };
		2163FFA02B6C49AC00878E7B /* Recipient.swift in Sources */ = {isa = PBXBuildFile; fileRef = 2163FF9F2B6C49AC00878E7B /* Recipient.swift */; };
		2163FFA22B6C4A8E00878E7B /* Country.swift in Sources */ = {isa = PBXBuildFile; fileRef = 2163FFA12B6C4A8E00878E7B /* Country.swift */; };
		2163FFA42B6C4AC400878E7B /* Wallet.swift in Sources */ = {isa = PBXBuildFile; fileRef = 2163FFA32B6C4AC400878E7B /* Wallet.swift */; };
		2163FFAD2B6C57BA00878E7B /* HomeScreen.swift in Sources */ = {isa = PBXBuildFile; fileRef = 2163FFAC2B6C57BA00878E7B /* HomeScreen.swift */; };
		2163FFAF2B6C57CC00878E7B /* SendOptionsScreen.swift in Sources */ = {isa = PBXBuildFile; fileRef = 2163FFAE2B6C57CC00878E7B /* SendOptionsScreen.swift */; };
		2163FFB12B6C57DC00878E7B /* SendDestinationScreen.swift in Sources */ = {isa = PBXBuildFile; fileRef = 2163FFB02B6C57DC00878E7B /* SendDestinationScreen.swift */; };
		2163FFB32B6C57E600878E7B /* RecipientScreen.swift in Sources */ = {isa = PBXBuildFile; fileRef = 2163FFB22B6C57E600878E7B /* RecipientScreen.swift */; };
		2163FFB52B6C57F100878E7B /* WalletOptionsScreen.swift in Sources */ = {isa = PBXBuildFile; fileRef = 2163FFB42B6C57F100878E7B /* WalletOptionsScreen.swift */; };
		2163FFB72B6C57FA00878E7B /* InvoiceScreen.swift in Sources */ = {isa = PBXBuildFile; fileRef = 2163FFB62B6C57FA00878E7B /* InvoiceScreen.swift */; };
		2163FFB92B6C581000878E7B /* SuccessScreen.swift in Sources */ = {isa = PBXBuildFile; fileRef = 2163FFB82B6C581000878E7B /* SuccessScreen.swift */; };
		2163FFBB2B6C591400878E7B /* AppDelegate.swift in Sources */ = {isa = PBXBuildFile; fileRef = 2163FFBA2B6C591400878E7B /* AppDelegate.swift */; };
		2163FFBD2B6D077C00878E7B /* ScreenLayout.swift in Sources */ = {isa = PBXBuildFile; fileRef = 2163FFBC2B6D077C00878E7B /* ScreenLayout.swift */; };
		2163FFBF2B6D089C00878E7B /* HeaderView.swift in Sources */ = {isa = PBXBuildFile; fileRef = 2163FFBE2B6D089C00878E7B /* HeaderView.swift */; };
		2163FFC12B6D0DF700878E7B /* MyButton.swift in Sources */ = {isa = PBXBuildFile; fileRef = 2163FFC02B6D0DF700878E7B /* MyButton.swift */; };
		2163FFC32B6D472300878E7B /* CircularProgress.swift in Sources */ = {isa = PBXBuildFile; fileRef = 2163FFC22B6D472300878E7B /* CircularProgress.swift */; };
		2163FFC52B6D482400878E7B /* FailView.swift in Sources */ = {isa = PBXBuildFile; fileRef = 2163FFC42B6D482400878E7B /* FailView.swift */; };
		2163FFC72B6D48FC00878E7B /* FooterView.swift in Sources */ = {isa = PBXBuildFile; fileRef = 2163FFC62B6D48FC00878E7B /* FooterView.swift */; };
		2163FFC92B6D4B4C00878E7B /* SearchTextField.swift in Sources */ = {isa = PBXBuildFile; fileRef = 2163FFC82B6D4B4C00878E7B /* SearchTextField.swift */; };
		2163FFCB2B6D517900878E7B /* CountrySelector.swift in Sources */ = {isa = PBXBuildFile; fileRef = 2163FFCA2B6D517900878E7B /* CountrySelector.swift */; };
/* End PBXBuildFile section */

/* Begin PBXContainerItemProxy section */
		2163FF0D2B6C236C00878E7B /* PBXContainerItemProxy */ = {
			isa = PBXContainerItemProxy;
			containerPortal = 2163FEF42B6C236B00878E7B /* Project object */;
			proxyType = 1;
			remoteGlobalIDString = 2163FEFB2B6C236B00878E7B;
			remoteInfo = Rimittance;
		};
		2163FF172B6C236C00878E7B /* PBXContainerItemProxy */ = {
			isa = PBXContainerItemProxy;
			containerPortal = 2163FEF42B6C236B00878E7B /* Project object */;
			proxyType = 1;
			remoteGlobalIDString = 2163FEFB2B6C236B00878E7B;
			remoteInfo = Rimittance;
		};
/* End PBXContainerItemProxy section */

/* Begin PBXFileReference section */
		2163FEFC2B6C236B00878E7B /* Rimittance.app */ = {isa = PBXFileReference; explicitFileType = wrapper.application; includeInIndex = 0; path = Rimittance.app; sourceTree = BUILT_PRODUCTS_DIR; };
		2163FEFF2B6C236B00878E7B /* RimittanceApp.swift */ = {isa = PBXFileReference; lastKnownFileType = sourcecode.swift; path = RimittanceApp.swift; sourceTree = "<group>"; };
		2163FF032B6C236C00878E7B /* Assets.xcassets */ = {isa = PBXFileReference; lastKnownFileType = folder.assetcatalog; path = Assets.xcassets; sourceTree = "<group>"; };
		2163FF062B6C236C00878E7B /* Preview Assets.xcassets */ = {isa = PBXFileReference; lastKnownFileType = folder.assetcatalog; path = "Preview Assets.xcassets"; sourceTree = "<group>"; };
		2163FF0C2B6C236C00878E7B /* RimittanceTests.xctest */ = {isa = PBXFileReference; explicitFileType = wrapper.cfbundle; includeInIndex = 0; path = RimittanceTests.xctest; sourceTree = BUILT_PRODUCTS_DIR; };
		2163FF102B6C236C00878E7B /* RimittanceTests.swift */ = {isa = PBXFileReference; lastKnownFileType = sourcecode.swift; path = RimittanceTests.swift; sourceTree = "<group>"; };
		2163FF162B6C236C00878E7B /* RimittanceUITests.xctest */ = {isa = PBXFileReference; explicitFileType = wrapper.cfbundle; includeInIndex = 0; path = RimittanceUITests.xctest; sourceTree = BUILT_PRODUCTS_DIR; };
		2163FF1A2B6C236C00878E7B /* RimittanceUITests.swift */ = {isa = PBXFileReference; lastKnownFileType = sourcecode.swift; path = RimittanceUITests.swift; sourceTree = "<group>"; };
		2163FF1C2B6C236C00878E7B /* RimittanceUITestsLaunchTests.swift */ = {isa = PBXFileReference; lastKnownFileType = sourcecode.swift; path = RimittanceUITestsLaunchTests.swift; sourceTree = "<group>"; };
		2163FF6C2B6C2D7A00878E7B /* CoordinatorView.swift */ = {isa = PBXFileReference; lastKnownFileType = sourcecode.swift; path = CoordinatorView.swift; sourceTree = "<group>"; };
		2163FF6E2B6C2D8400878E7B /* CoordinatorViewStackTrigger.swift */ = {isa = PBXFileReference; lastKnownFileType = sourcecode.swift; path = CoordinatorViewStackTrigger.swift; sourceTree = "<group>"; };
		2163FF702B6C2D8F00878E7B /* NavigationCoordinator.swift */ = {isa = PBXFileReference; lastKnownFileType = sourcecode.swift; path = NavigationCoordinator.swift; sourceTree = "<group>"; };
		2163FF722B6C31D200878E7B /* Observer.swift */ = {isa = PBXFileReference; lastKnownFileType = sourcecode.swift; path = Observer.swift; sourceTree = "<group>"; };
		2163FF742B6C31E600878E7B /* Color.swift */ = {isa = PBXFileReference; lastKnownFileType = sourcecode.swift; path = Color.swift; sourceTree = "<group>"; };
		2163FF762B6C31F200878E7B /* Font.swift */ = {isa = PBXFileReference; lastKnownFileType = sourcecode.swift; path = Font.swift; sourceTree = "<group>"; };
		2163FF782B6C323000878E7B /* View.swift */ = {isa = PBXFileReference; lastKnownFileType = sourcecode.swift; path = View.swift; sourceTree = "<group>"; };
		2163FF7A2B6C323D00878E7B /* Text.swift */ = {isa = PBXFileReference; lastKnownFileType = sourcecode.swift; path = Text.swift; sourceTree = "<group>"; };
		2163FF7C2B6C38E700878E7B /* Outfit-SemiBold.ttf */ = {isa = PBXFileReference; lastKnownFileType = file; path = "Outfit-SemiBold.ttf"; sourceTree = "<group>"; };
		2163FF7D2B6C38E700878E7B /* Outfit-Regular.ttf */ = {isa = PBXFileReference; lastKnownFileType = file; path = "Outfit-Regular.ttf"; sourceTree = "<group>"; };
		2163FF7E2B6C38E700878E7B /* Outfit-Bold.ttf */ = {isa = PBXFileReference; lastKnownFileType = file; path = "Outfit-Bold.ttf"; sourceTree = "<group>"; };
		2163FF7F2B6C38E700878E7B /* Outfit-Medium.ttf */ = {isa = PBXFileReference; lastKnownFileType = file; path = "Outfit-Medium.ttf"; sourceTree = "<group>"; };
		2163FF842B6C392000878E7B /* Info.plist */ = {isa = PBXFileReference; lastKnownFileType = text.plist; path = Info.plist; sourceTree = "<group>"; };
		2163FF892B6C3B3C00878E7B /* en */ = {isa = PBXFileReference; lastKnownFileType = text.plist.strings; name = en; path = en.lproj/Localizable.strings; sourceTree = "<group>"; };
		2163FF912B6C45B100878E7B /* NetworkService.swift */ = {isa = PBXFileReference; lastKnownFileType = sourcecode.swift; path = NetworkService.swift; sourceTree = "<group>"; };
		2163FF932B6C466C00878E7B /* EscapingSlashes.swift */ = {isa = PBXFileReference; lastKnownFileType = sourcecode.swift; path = EscapingSlashes.swift; sourceTree = "<group>"; };
		2163FF952B6C46DE00878E7B /* String.swift */ = {isa = PBXFileReference; lastKnownFileType = sourcecode.swift; path = String.swift; sourceTree = "<group>"; };
		2163FF972B6C47F100878E7B /* Double.swift */ = {isa = PBXFileReference; lastKnownFileType = sourcecode.swift; path = Double.swift; sourceTree = "<group>"; };
		2163FF992B6C483F00878E7B /* RecipientRepo.swift */ = {isa = PBXFileReference; lastKnownFileType = sourcecode.swift; path = RecipientRepo.swift; sourceTree = "<group>"; };
		2163FF9B2B6C484900878E7B /* CountryRepo.swift */ = {isa = PBXFileReference; lastKnownFileType = sourcecode.swift; path = CountryRepo.swift; sourceTree = "<group>"; };
		2163FF9D2B6C485200878E7B /* WalletRepo.swift */ = {isa = PBXFileReference; lastKnownFileType = sourcecode.swift; path = WalletRepo.swift; sourceTree = "<group>"; };
		2163FF9F2B6C49AC00878E7B /* Recipient.swift */ = {isa = PBXFileReference; lastKnownFileType = sourcecode.swift; path = Recipient.swift; sourceTree = "<group>"; };
		2163FFA12B6C4A8E00878E7B /* Country.swift */ = {isa = PBXFileReference; lastKnownFileType = sourcecode.swift; path = Country.swift; sourceTree = "<group>"; };
		2163FFA32B6C4AC400878E7B /* Wallet.swift */ = {isa = PBXFileReference; lastKnownFileType = sourcecode.swift; path = Wallet.swift; sourceTree = "<group>"; };
		2163FFAC2B6C57BA00878E7B /* HomeScreen.swift */ = {isa = PBXFileReference; lastKnownFileType = sourcecode.swift; path = HomeScreen.swift; sourceTree = "<group>"; };
		2163FFAE2B6C57CC00878E7B /* SendOptionsScreen.swift */ = {isa = PBXFileReference; lastKnownFileType = sourcecode.swift; path = SendOptionsScreen.swift; sourceTree = "<group>"; };
		2163FFB02B6C57DC00878E7B /* SendDestinationScreen.swift */ = {isa = PBXFileReference; lastKnownFileType = sourcecode.swift; path = SendDestinationScreen.swift; sourceTree = "<group>"; };
		2163FFB22B6C57E600878E7B /* RecipientScreen.swift */ = {isa = PBXFileReference; lastKnownFileType = sourcecode.swift; path = RecipientScreen.swift; sourceTree = "<group>"; };
		2163FFB42B6C57F100878E7B /* WalletOptionsScreen.swift */ = {isa = PBXFileReference; lastKnownFileType = sourcecode.swift; path = WalletOptionsScreen.swift; sourceTree = "<group>"; };
		2163FFB62B6C57FA00878E7B /* InvoiceScreen.swift */ = {isa = PBXFileReference; lastKnownFileType = sourcecode.swift; path = InvoiceScreen.swift; sourceTree = "<group>"; };
		2163FFB82B6C581000878E7B /* SuccessScreen.swift */ = {isa = PBXFileReference; lastKnownFileType = sourcecode.swift; path = SuccessScreen.swift; sourceTree = "<group>"; };
		2163FFBA2B6C591400878E7B /* AppDelegate.swift */ = {isa = PBXFileReference; lastKnownFileType = sourcecode.swift; path = AppDelegate.swift; sourceTree = "<group>"; };
		2163FFBC2B6D077C00878E7B /* ScreenLayout.swift */ = {isa = PBXFileReference; lastKnownFileType = sourcecode.swift; path = ScreenLayout.swift; sourceTree = "<group>"; };
		2163FFBE2B6D089C00878E7B /* HeaderView.swift */ = {isa = PBXFileReference; lastKnownFileType = sourcecode.swift; path = HeaderView.swift; sourceTree = "<group>"; };
		2163FFC02B6D0DF700878E7B /* MyButton.swift */ = {isa = PBXFileReference; lastKnownFileType = sourcecode.swift; path = MyButton.swift; sourceTree = "<group>"; };
		2163FFC22B6D472300878E7B /* CircularProgress.swift */ = {isa = PBXFileReference; lastKnownFileType = sourcecode.swift; path = CircularProgress.swift; sourceTree = "<group>"; };
		2163FFC42B6D482400878E7B /* FailView.swift */ = {isa = PBXFileReference; lastKnownFileType = sourcecode.swift; path = FailView.swift; sourceTree = "<group>"; };
		2163FFC62B6D48FC00878E7B /* FooterView.swift */ = {isa = PBXFileReference; lastKnownFileType = sourcecode.swift; path = FooterView.swift; sourceTree = "<group>"; };
		2163FFC82B6D4B4C00878E7B /* SearchTextField.swift */ = {isa = PBXFileReference; lastKnownFileType = sourcecode.swift; path = SearchTextField.swift; sourceTree = "<group>"; };
		2163FFCA2B6D517900878E7B /* CountrySelector.swift */ = {isa = PBXFileReference; lastKnownFileType = sourcecode.swift; path = CountrySelector.swift; sourceTree = "<group>"; };
/* End PBXFileReference section */

/* Begin PBXFrameworksBuildPhase section */
		2163FEF92B6C236B00878E7B /* Frameworks */ = {
			isa = PBXFrameworksBuildPhase;
			buildActionMask = 2147483647;
			files = (
				2163FF8D2B6C452800878E7B /* Alamofire in Frameworks */,
				2163FF902B6C455900878E7B /* BottomSheetUI in Frameworks */,
			);
			runOnlyForDeploymentPostprocessing = 0;
		};
		2163FF092B6C236C00878E7B /* Frameworks */ = {
			isa = PBXFrameworksBuildPhase;
			buildActionMask = 2147483647;
			files = (
			);
			runOnlyForDeploymentPostprocessing = 0;
		};
		2163FF132B6C236C00878E7B /* Frameworks */ = {
			isa = PBXFrameworksBuildPhase;
			buildActionMask = 2147483647;
			files = (
			);
			runOnlyForDeploymentPostprocessing = 0;
		};
/* End PBXFrameworksBuildPhase section */

/* Begin PBXGroup section */
		2163FEF32B6C236B00878E7B = {
			isa = PBXGroup;
			children = (
				2163FEFE2B6C236B00878E7B /* Rimittance */,
				2163FF0F2B6C236C00878E7B /* RimittanceTests */,
				2163FF192B6C236C00878E7B /* RimittanceUITests */,
				2163FEFD2B6C236B00878E7B /* Products */,
			);
			sourceTree = "<group>";
		};
		2163FEFD2B6C236B00878E7B /* Products */ = {
			isa = PBXGroup;
			children = (
				2163FEFC2B6C236B00878E7B /* Rimittance.app */,
				2163FF0C2B6C236C00878E7B /* RimittanceTests.xctest */,
				2163FF162B6C236C00878E7B /* RimittanceUITests.xctest */,
			);
			name = Products;
			sourceTree = "<group>";
		};
		2163FEFE2B6C236B00878E7B /* Rimittance */ = {
			isa = PBXGroup;
			children = (
				2163FF842B6C392000878E7B /* Info.plist */,
				2163FF292B6C250900878E7B /* Rimittance */,
				2163FF2A2B6C252700878E7B /* RimittanceSerivce */,
				2163FF032B6C236C00878E7B /* Assets.xcassets */,
				2163FF052B6C236C00878E7B /* Preview Content */,
			);
			path = Rimittance;
			sourceTree = "<group>";
		};
		2163FF052B6C236C00878E7B /* Preview Content */ = {
			isa = PBXGroup;
			children = (
				2163FF062B6C236C00878E7B /* Preview Assets.xcassets */,
			);
			path = "Preview Content";
			sourceTree = "<group>";
		};
		2163FF0F2B6C236C00878E7B /* RimittanceTests */ = {
			isa = PBXGroup;
			children = (
				2163FF102B6C236C00878E7B /* RimittanceTests.swift */,
			);
			path = RimittanceTests;
			sourceTree = "<group>";
		};
		2163FF192B6C236C00878E7B /* RimittanceUITests */ = {
			isa = PBXGroup;
			children = (
				2163FF1A2B6C236C00878E7B /* RimittanceUITests.swift */,
				2163FF1C2B6C236C00878E7B /* RimittanceUITestsLaunchTests.swift */,
			);
			path = RimittanceUITests;
			sourceTree = "<group>";
		};
		2163FF292B6C250900878E7B /* Rimittance */ = {
			isa = PBXGroup;
			children = (
				2163FF2E2B6C28EE00878E7B /* Extensions */,
				2163FF5F2B6C2A2200878E7B /* Resources */,
				2163FF612B6C2A4200878E7B /* Main */,
				2163FF622B6C2A4A00878E7B /* Screens */,
				2163FF632B6C2A5300878E7B /* Views */,
				2163FF642B6C2A6500878E7B /* Service */,
			);
			path = Rimittance;
			sourceTree = "<group>";
		};
		2163FF2A2B6C252700878E7B /* RimittanceSerivce */ = {
			isa = PBXGroup;
			children = (
				2163FF2B2B6C255B00878E7B /* Network */,
				2163FF2C2B6C25F400878E7B /* Repo */,
				2163FF2D2B6C25FB00878E7B /* Model */,
			);
			path = RimittanceSerivce;
			sourceTree = "<group>";
		};
		2163FF2B2B6C255B00878E7B /* Network */ = {
			isa = PBXGroup;
			children = (
				2163FF912B6C45B100878E7B /* NetworkService.swift */,
				2163FF932B6C466C00878E7B /* EscapingSlashes.swift */,
			);
			path = Network;
			sourceTree = "<group>";
		};
		2163FF2C2B6C25F400878E7B /* Repo */ = {
			isa = PBXGroup;
			children = (
				2163FF992B6C483F00878E7B /* RecipientRepo.swift */,
				2163FF9B2B6C484900878E7B /* CountryRepo.swift */,
				2163FF9D2B6C485200878E7B /* WalletRepo.swift */,
			);
			path = Repo;
			sourceTree = "<group>";
		};
		2163FF2D2B6C25FB00878E7B /* Model */ = {
			isa = PBXGroup;
			children = (
				2163FF9F2B6C49AC00878E7B /* Recipient.swift */,
				2163FFA12B6C4A8E00878E7B /* Country.swift */,
				2163FFA32B6C4AC400878E7B /* Wallet.swift */,
			);
			path = Model;
			sourceTree = "<group>";
		};
		2163FF2E2B6C28EE00878E7B /* Extensions */ = {
			isa = PBXGroup;
			children = (
				2163FF5C2B6C299700878E7B /* SwiftUI */,
				2163FF5D2B6C29A100878E7B /* Foundation */,
				2163FF5E2B6C29F500878E7B /* Combine */,
			);
			path = Extensions;
			sourceTree = "<group>";
		};
		2163FF5C2B6C299700878E7B /* SwiftUI */ = {
			isa = PBXGroup;
			children = (
				2163FF742B6C31E600878E7B /* Color.swift */,
				2163FF762B6C31F200878E7B /* Font.swift */,
				2163FF782B6C323000878E7B /* View.swift */,
				2163FF7A2B6C323D00878E7B /* Text.swift */,
			);
			path = SwiftUI;
			sourceTree = "<group>";
		};
		2163FF5D2B6C29A100878E7B /* Foundation */ = {
			isa = PBXGroup;
			children = (
				2163FF952B6C46DE00878E7B /* String.swift */,
				2163FF972B6C47F100878E7B /* Double.swift */,
			);
			path = Foundation;
			sourceTree = "<group>";
		};
		2163FF5E2B6C29F500878E7B /* Combine */ = {
			isa = PBXGroup;
			children = (
				2163FF722B6C31D200878E7B /* Observer.swift */,
			);
			path = Combine;
			sourceTree = "<group>";
		};
		2163FF5F2B6C2A2200878E7B /* Resources */ = {
			isa = PBXGroup;
			children = (
				2163FF852B6C3A9200878E7B /* Localizable */,
				2163FF602B6C2A3400878E7B /* Font */,
			);
			path = Resources;
			sourceTree = "<group>";
		};
		2163FF602B6C2A3400878E7B /* Font */ = {
			isa = PBXGroup;
			children = (
				2163FF7E2B6C38E700878E7B /* Outfit-Bold.ttf */,
				2163FF7F2B6C38E700878E7B /* Outfit-Medium.ttf */,
				2163FF7D2B6C38E700878E7B /* Outfit-Regular.ttf */,
				2163FF7C2B6C38E700878E7B /* Outfit-SemiBold.ttf */,
			);
			path = Font;
			sourceTree = "<group>";
		};
		2163FF612B6C2A4200878E7B /* Main */ = {
			isa = PBXGroup;
			children = (
				2163FEFF2B6C236B00878E7B /* RimittanceApp.swift */,
				2163FFBA2B6C591400878E7B /* AppDelegate.swift */,
			);
			path = Main;
			sourceTree = "<group>";
		};
		2163FF622B6C2A4A00878E7B /* Screens */ = {
			isa = PBXGroup;
			children = (
				2163FFA52B6C52A900878E7B /* Home */,
				2163FFA62B6C52F800878E7B /* SendOptions */,
				2163FFA72B6C531100878E7B /* Recipient */,
				2163FFA82B6C54F600878E7B /* WalletOptions */,
				2163FFA92B6C55A100878E7B /* Invoice */,
			);
			path = Screens;
			sourceTree = "<group>";
		};
		2163FF632B6C2A5300878E7B /* Views */ = {
			isa = PBXGroup;
			children = (
				2163FFBC2B6D077C00878E7B /* ScreenLayout.swift */,
				2163FFBE2B6D089C00878E7B /* HeaderView.swift */,
				2163FFC02B6D0DF700878E7B /* MyButton.swift */,
				2163FFC22B6D472300878E7B /* CircularProgress.swift */,
				2163FFC42B6D482400878E7B /* FailView.swift */,
				2163FFC62B6D48FC00878E7B /* FooterView.swift */,
				2163FFC82B6D4B4C00878E7B /* SearchTextField.swift */,
				2163FFCA2B6D517900878E7B /* CountrySelector.swift */,
			);
			path = Views;
			sourceTree = "<group>";
		};
		2163FF642B6C2A6500878E7B /* Service */ = {
			isa = PBXGroup;
			children = (
				2163FF652B6C2CB400878E7B /* Navigation */,
			);
			path = Service;
			sourceTree = "<group>";
		};
		2163FF652B6C2CB400878E7B /* Navigation */ = {
			isa = PBXGroup;
			children = (
				2163FF6C2B6C2D7A00878E7B /* CoordinatorView.swift */,
				2163FF6E2B6C2D8400878E7B /* CoordinatorViewStackTrigger.swift */,
				2163FF702B6C2D8F00878E7B /* NavigationCoordinator.swift */,
			);
			path = Navigation;
			sourceTree = "<group>";
		};
		2163FF852B6C3A9200878E7B /* Localizable */ = {
			isa = PBXGroup;
			children = (
				2163FF8A2B6C3B3C00878E7B /* Localizable.strings */,
			);
			path = Localizable;
			sourceTree = "<group>";
		};
		2163FFA52B6C52A900878E7B /* Home */ = {
			isa = PBXGroup;
			children = (
				2163FFAC2B6C57BA00878E7B /* HomeScreen.swift */,
			);
			path = Home;
			sourceTree = "<group>";
		};
		2163FFA62B6C52F800878E7B /* SendOptions */ = {
			isa = PBXGroup;
			children = (
				2163FFAE2B6C57CC00878E7B /* SendOptionsScreen.swift */,
				2163FFB02B6C57DC00878E7B /* SendDestinationScreen.swift */,
			);
			path = SendOptions;
			sourceTree = "<group>";
		};
		2163FFA72B6C531100878E7B /* Recipient */ = {
			isa = PBXGroup;
			children = (
				2163FFB22B6C57E600878E7B /* RecipientScreen.swift */,
			);
			path = Recipient;
			sourceTree = "<group>";
		};
		2163FFA82B6C54F600878E7B /* WalletOptions */ = {
			isa = PBXGroup;
			children = (
				2163FFB42B6C57F100878E7B /* WalletOptionsScreen.swift */,
			);
			path = WalletOptions;
			sourceTree = "<group>";
		};
		2163FFA92B6C55A100878E7B /* Invoice */ = {
			isa = PBXGroup;
			children = (
				2163FFB62B6C57FA00878E7B /* InvoiceScreen.swift */,
				2163FFB82B6C581000878E7B /* SuccessScreen.swift */,
			);
			path = Invoice;
			sourceTree = "<group>";
		};
/* End PBXGroup section */

/* Begin PBXNativeTarget section */
		2163FEFB2B6C236B00878E7B /* Rimittance */ = {
			isa = PBXNativeTarget;
			buildConfigurationList = 2163FF202B6C236C00878E7B /* Build configuration list for PBXNativeTarget "Rimittance" */;
			buildPhases = (
				2163FEF82B6C236B00878E7B /* Sources */,
				2163FEF92B6C236B00878E7B /* Frameworks */,
				2163FEFA2B6C236B00878E7B /* Resources */,
			);
			buildRules = (
			);
			dependencies = (
			);
			name = Rimittance;
			packageProductDependencies = (
				2163FF8C2B6C452800878E7B /* Alamofire */,
				2163FF8F2B6C455900878E7B /* BottomSheetUI */,
			);
			productName = Rimittance;
			productReference = 2163FEFC2B6C236B00878E7B /* Rimittance.app */;
			productType = "com.apple.product-type.application";
		};
		2163FF0B2B6C236C00878E7B /* RimittanceTests */ = {
			isa = PBXNativeTarget;
			buildConfigurationList = 2163FF232B6C236C00878E7B /* Build configuration list for PBXNativeTarget "RimittanceTests" */;
			buildPhases = (
				2163FF082B6C236C00878E7B /* Sources */,
				2163FF092B6C236C00878E7B /* Frameworks */,
				2163FF0A2B6C236C00878E7B /* Resources */,
			);
			buildRules = (
			);
			dependencies = (
				2163FF0E2B6C236C00878E7B /* PBXTargetDependency */,
			);
			name = RimittanceTests;
			productName = RimittanceTests;
			productReference = 2163FF0C2B6C236C00878E7B /* RimittanceTests.xctest */;
			productType = "com.apple.product-type.bundle.unit-test";
		};
		2163FF152B6C236C00878E7B /* RimittanceUITests */ = {
			isa = PBXNativeTarget;
			buildConfigurationList = 2163FF262B6C236C00878E7B /* Build configuration list for PBXNativeTarget "RimittanceUITests" */;
			buildPhases = (
				2163FF122B6C236C00878E7B /* Sources */,
				2163FF132B6C236C00878E7B /* Frameworks */,
				2163FF142B6C236C00878E7B /* Resources */,
			);
			buildRules = (
			);
			dependencies = (
				2163FF182B6C236C00878E7B /* PBXTargetDependency */,
			);
			name = RimittanceUITests;
			productName = RimittanceUITests;
			productReference = 2163FF162B6C236C00878E7B /* RimittanceUITests.xctest */;
			productType = "com.apple.product-type.bundle.ui-testing";
		};
/* End PBXNativeTarget section */

/* Begin PBXProject section */
		2163FEF42B6C236B00878E7B /* Project object */ = {
			isa = PBXProject;
			attributes = {
				BuildIndependentTargetsInParallel = 1;
				LastSwiftUpdateCheck = 1500;
				LastUpgradeCheck = 1500;
				TargetAttributes = {
					2163FEFB2B6C236B00878E7B = {
						CreatedOnToolsVersion = 15.0;
					};
					2163FF0B2B6C236C00878E7B = {
						CreatedOnToolsVersion = 15.0;
						TestTargetID = 2163FEFB2B6C236B00878E7B;
					};
					2163FF152B6C236C00878E7B = {
						CreatedOnToolsVersion = 15.0;
						TestTargetID = 2163FEFB2B6C236B00878E7B;
					};
				};
			};
			buildConfigurationList = 2163FEF72B6C236B00878E7B /* Build configuration list for PBXProject "Rimittance" */;
			compatibilityVersion = "Xcode 14.0";
			developmentRegion = en;
			hasScannedForEncodings = 0;
			knownRegions = (
				en,
				Base,
			);
			mainGroup = 2163FEF32B6C236B00878E7B;
			packageReferences = (
				2163FF8B2B6C452800878E7B /* XCRemoteSwiftPackageReference "Alamofire" */,
				2163FF8E2B6C455900878E7B /* XCRemoteSwiftPackageReference "BottomSheetUI-iOS" */,
			);
			productRefGroup = 2163FEFD2B6C236B00878E7B /* Products */;
			projectDirPath = "";
			projectRoot = "";
			targets = (
				2163FEFB2B6C236B00878E7B /* Rimittance */,
				2163FF0B2B6C236C00878E7B /* RimittanceTests */,
				2163FF152B6C236C00878E7B /* RimittanceUITests */,
			);
		};
/* End PBXProject section */

/* Begin PBXResourcesBuildPhase section */
		2163FEFA2B6C236B00878E7B /* Resources */ = {
			isa = PBXResourcesBuildPhase;
			buildActionMask = 2147483647;
			files = (
				2163FF812B6C38E700878E7B /* Outfit-Regular.ttf in Resources */,
				2163FF072B6C236C00878E7B /* Preview Assets.xcassets in Resources */,
				2163FF822B6C38E700878E7B /* Outfit-Bold.ttf in Resources */,
				2163FF882B6C3B3C00878E7B /* Localizable.strings in Resources */,
				2163FF042B6C236C00878E7B /* Assets.xcassets in Resources */,
				2163FF832B6C38E700878E7B /* Outfit-Medium.ttf in Resources */,
				2163FF802B6C38E700878E7B /* Outfit-SemiBold.ttf in Resources */,
			);
			runOnlyForDeploymentPostprocessing = 0;
		};
		2163FF0A2B6C236C00878E7B /* Resources */ = {
			isa = PBXResourcesBuildPhase;
			buildActionMask = 2147483647;
			files = (
			);
			runOnlyForDeploymentPostprocessing = 0;
		};
		2163FF142B6C236C00878E7B /* Resources */ = {
			isa = PBXResourcesBuildPhase;
			buildActionMask = 2147483647;
			files = (
			);
			runOnlyForDeploymentPostprocessing = 0;
		};
/* End PBXResourcesBuildPhase section */

/* Begin PBXSourcesBuildPhase section */
		2163FEF82B6C236B00878E7B /* Sources */ = {
			isa = PBXSourcesBuildPhase;
			buildActionMask = 2147483647;
			files = (
				2163FFC52B6D482400878E7B /* FailView.swift in Sources */,
				2163FFA42B6C4AC400878E7B /* Wallet.swift in Sources */,
				2163FF922B6C45B100878E7B /* NetworkService.swift in Sources */,
				2163FFAD2B6C57BA00878E7B /* HomeScreen.swift in Sources */,
				2163FF962B6C46DE00878E7B /* String.swift in Sources */,
				2163FF732B6C31D200878E7B /* Observer.swift in Sources */,
				2163FFC72B6D48FC00878E7B /* FooterView.swift in Sources */,
				2163FFAF2B6C57CC00878E7B /* SendOptionsScreen.swift in Sources */,
				2163FF752B6C31E600878E7B /* Color.swift in Sources */,
				2163FFA02B6C49AC00878E7B /* Recipient.swift in Sources */,
				2163FFC32B6D472300878E7B /* CircularProgress.swift in Sources */,
				2163FFC92B6D4B4C00878E7B /* SearchTextField.swift in Sources */,
				2163FF6D2B6C2D7A00878E7B /* CoordinatorView.swift in Sources */,
				2163FFB12B6C57DC00878E7B /* SendDestinationScreen.swift in Sources */,
				2163FFB32B6C57E600878E7B /* RecipientScreen.swift in Sources */,
				2163FFCB2B6D517900878E7B /* CountrySelector.swift in Sources */,
				2163FFA22B6C4A8E00878E7B /* Country.swift in Sources */,
				2163FFB52B6C57F100878E7B /* WalletOptionsScreen.swift in Sources */,
				2163FF9C2B6C484900878E7B /* CountryRepo.swift in Sources */,
				2163FF982B6C47F100878E7B /* Double.swift in Sources */,
				2163FFBD2B6D077C00878E7B /* ScreenLayout.swift in Sources */,
				2163FF942B6C466C00878E7B /* EscapingSlashes.swift in Sources */,
				2163FFC12B6D0DF700878E7B /* MyButton.swift in Sources */,
				2163FF772B6C31F200878E7B /* Font.swift in Sources */,
				2163FFB92B6C581000878E7B /* SuccessScreen.swift in Sources */,
				2163FF792B6C323000878E7B /* View.swift in Sources */,
				2163FFBF2B6D089C00878E7B /* HeaderView.swift in Sources */,
				2163FFB72B6C57FA00878E7B /* InvoiceScreen.swift in Sources */,
				2163FF9A2B6C483F00878E7B /* RecipientRepo.swift in Sources */,
				2163FFBB2B6C591400878E7B /* AppDelegate.swift in Sources */,
				2163FF7B2B6C323D00878E7B /* Text.swift in Sources */,
				2163FF002B6C236B00878E7B /* RimittanceApp.swift in Sources */,
				2163FF712B6C2D8F00878E7B /* NavigationCoordinator.swift in Sources */,
				2163FF6F2B6C2D8400878E7B /* CoordinatorViewStackTrigger.swift in Sources */,
				2163FF9E2B6C485200878E7B /* WalletRepo.swift in Sources */,
			);
			runOnlyForDeploymentPostprocessing = 0;
		};
		2163FF082B6C236C00878E7B /* Sources */ = {
			isa = PBXSourcesBuildPhase;
			buildActionMask = 2147483647;
			files = (
				2163FF112B6C236C00878E7B /* RimittanceTests.swift in Sources */,
			);
			runOnlyForDeploymentPostprocessing = 0;
		};
		2163FF122B6C236C00878E7B /* Sources */ = {
			isa = PBXSourcesBuildPhase;
			buildActionMask = 2147483647;
			files = (
				2163FF1D2B6C236C00878E7B /* RimittanceUITestsLaunchTests.swift in Sources */,
				2163FF1B2B6C236C00878E7B /* RimittanceUITests.swift in Sources */,
			);
			runOnlyForDeploymentPostprocessing = 0;
		};
/* End PBXSourcesBuildPhase section */

/* Begin PBXTargetDependency section */
		2163FF0E2B6C236C00878E7B /* PBXTargetDependency */ = {
			isa = PBXTargetDependency;
			target = 2163FEFB2B6C236B00878E7B /* Rimittance */;
			targetProxy = 2163FF0D2B6C236C00878E7B /* PBXContainerItemProxy */;
		};
		2163FF182B6C236C00878E7B /* PBXTargetDependency */ = {
			isa = PBXTargetDependency;
			target = 2163FEFB2B6C236B00878E7B /* Rimittance */;
			targetProxy = 2163FF172B6C236C00878E7B /* PBXContainerItemProxy */;
		};
/* End PBXTargetDependency section */

/* Begin PBXVariantGroup section */
		2163FF8A2B6C3B3C00878E7B /* Localizable.strings */ = {
			isa = PBXVariantGroup;
			children = (
				2163FF892B6C3B3C00878E7B /* en */,
			);
			name = Localizable.strings;
			sourceTree = "<group>";
		};
/* End PBXVariantGroup section */

/* Begin XCBuildConfiguration section */
		2163FF1E2B6C236C00878E7B /* Debug */ = {
			isa = XCBuildConfiguration;
			buildSettings = {
				ALWAYS_SEARCH_USER_PATHS = NO;
				ASSETCATALOG_COMPILER_GENERATE_SWIFT_ASSET_SYMBOL_EXTENSIONS = YES;
				CLANG_ANALYZER_NONNULL = YES;
				CLANG_ANALYZER_NUMBER_OBJECT_CONVERSION = YES_AGGRESSIVE;
				CLANG_CXX_LANGUAGE_STANDARD = "gnu++20";
				CLANG_ENABLE_MODULES = YES;
				CLANG_ENABLE_OBJC_ARC = YES;
				CLANG_ENABLE_OBJC_WEAK = YES;
				CLANG_WARN_BLOCK_CAPTURE_AUTORELEASING = YES;
				CLANG_WARN_BOOL_CONVERSION = YES;
				CLANG_WARN_COMMA = YES;
				CLANG_WARN_CONSTANT_CONVERSION = YES;
				CLANG_WARN_DEPRECATED_OBJC_IMPLEMENTATIONS = YES;
				CLANG_WARN_DIRECT_OBJC_ISA_USAGE = YES_ERROR;
				CLANG_WARN_DOCUMENTATION_COMMENTS = YES;
				CLANG_WARN_EMPTY_BODY = YES;
				CLANG_WARN_ENUM_CONVERSION = YES;
				CLANG_WARN_INFINITE_RECURSION = YES;
				CLANG_WARN_INT_CONVERSION = YES;
				CLANG_WARN_NON_LITERAL_NULL_CONVERSION = YES;
				CLANG_WARN_OBJC_IMPLICIT_RETAIN_SELF = YES;
				CLANG_WARN_OBJC_LITERAL_CONVERSION = YES;
				CLANG_WARN_OBJC_ROOT_CLASS = YES_ERROR;
				CLANG_WARN_QUOTED_INCLUDE_IN_FRAMEWORK_HEADER = YES;
				CLANG_WARN_RANGE_LOOP_ANALYSIS = YES;
				CLANG_WARN_STRICT_PROTOTYPES = YES;
				CLANG_WARN_SUSPICIOUS_MOVE = YES;
				CLANG_WARN_UNGUARDED_AVAILABILITY = YES_AGGRESSIVE;
				CLANG_WARN_UNREACHABLE_CODE = YES;
				CLANG_WARN__DUPLICATE_METHOD_MATCH = YES;
				COPY_PHASE_STRIP = NO;
				DEBUG_INFORMATION_FORMAT = dwarf;
				ENABLE_STRICT_OBJC_MSGSEND = YES;
				ENABLE_TESTABILITY = YES;
				ENABLE_USER_SCRIPT_SANDBOXING = YES;
				GCC_C_LANGUAGE_STANDARD = gnu17;
				GCC_DYNAMIC_NO_PIC = NO;
				GCC_NO_COMMON_BLOCKS = YES;
				GCC_OPTIMIZATION_LEVEL = 0;
				GCC_PREPROCESSOR_DEFINITIONS = (
					"DEBUG=1",
					"$(inherited)",
				);
				GCC_WARN_64_TO_32_BIT_CONVERSION = YES;
				GCC_WARN_ABOUT_RETURN_TYPE = YES_ERROR;
				GCC_WARN_UNDECLARED_SELECTOR = YES;
				GCC_WARN_UNINITIALIZED_AUTOS = YES_AGGRESSIVE;
				GCC_WARN_UNUSED_FUNCTION = YES;
				GCC_WARN_UNUSED_VARIABLE = YES;
				IPHONEOS_DEPLOYMENT_TARGET = 15.0;
				LOCALIZATION_PREFERS_STRING_CATALOGS = YES;
				MTL_ENABLE_DEBUG_INFO = INCLUDE_SOURCE;
				MTL_FAST_MATH = YES;
				ONLY_ACTIVE_ARCH = YES;
				SDKROOT = iphoneos;
				SWIFT_ACTIVE_COMPILATION_CONDITIONS = "DEBUG $(inherited)";
				SWIFT_OPTIMIZATION_LEVEL = "-Onone";
			};
			name = Debug;
		};
		2163FF1F2B6C236C00878E7B /* Release */ = {
			isa = XCBuildConfiguration;
			buildSettings = {
				ALWAYS_SEARCH_USER_PATHS = NO;
				ASSETCATALOG_COMPILER_GENERATE_SWIFT_ASSET_SYMBOL_EXTENSIONS = YES;
				CLANG_ANALYZER_NONNULL = YES;
				CLANG_ANALYZER_NUMBER_OBJECT_CONVERSION = YES_AGGRESSIVE;
				CLANG_CXX_LANGUAGE_STANDARD = "gnu++20";
				CLANG_ENABLE_MODULES = YES;
				CLANG_ENABLE_OBJC_ARC = YES;
				CLANG_ENABLE_OBJC_WEAK = YES;
				CLANG_WARN_BLOCK_CAPTURE_AUTORELEASING = YES;
				CLANG_WARN_BOOL_CONVERSION = YES;
				CLANG_WARN_COMMA = YES;
				CLANG_WARN_CONSTANT_CONVERSION = YES;
				CLANG_WARN_DEPRECATED_OBJC_IMPLEMENTATIONS = YES;
				CLANG_WARN_DIRECT_OBJC_ISA_USAGE = YES_ERROR;
				CLANG_WARN_DOCUMENTATION_COMMENTS = YES;
				CLANG_WARN_EMPTY_BODY = YES;
				CLANG_WARN_ENUM_CONVERSION = YES;
				CLANG_WARN_INFINITE_RECURSION = YES;
				CLANG_WARN_INT_CONVERSION = YES;
				CLANG_WARN_NON_LITERAL_NULL_CONVERSION = YES;
				CLANG_WARN_OBJC_IMPLICIT_RETAIN_SELF = YES;
				CLANG_WARN_OBJC_LITERAL_CONVERSION = YES;
				CLANG_WARN_OBJC_ROOT_CLASS = YES_ERROR;
				CLANG_WARN_QUOTED_INCLUDE_IN_FRAMEWORK_HEADER = YES;
				CLANG_WARN_RANGE_LOOP_ANALYSIS = YES;
				CLANG_WARN_STRICT_PROTOTYPES = YES;
				CLANG_WARN_SUSPICIOUS_MOVE = YES;
				CLANG_WARN_UNGUARDED_AVAILABILITY = YES_AGGRESSIVE;
				CLANG_WARN_UNREACHABLE_CODE = YES;
				CLANG_WARN__DUPLICATE_METHOD_MATCH = YES;
				COPY_PHASE_STRIP = NO;
				DEBUG_INFORMATION_FORMAT = "dwarf-with-dsym";
				ENABLE_NS_ASSERTIONS = NO;
				ENABLE_STRICT_OBJC_MSGSEND = YES;
				ENABLE_USER_SCRIPT_SANDBOXING = YES;
				GCC_C_LANGUAGE_STANDARD = gnu17;
				GCC_NO_COMMON_BLOCKS = YES;
				GCC_WARN_64_TO_32_BIT_CONVERSION = YES;
				GCC_WARN_ABOUT_RETURN_TYPE = YES_ERROR;
				GCC_WARN_UNDECLARED_SELECTOR = YES;
				GCC_WARN_UNINITIALIZED_AUTOS = YES_AGGRESSIVE;
				GCC_WARN_UNUSED_FUNCTION = YES;
				GCC_WARN_UNUSED_VARIABLE = YES;
				IPHONEOS_DEPLOYMENT_TARGET = 15.0;
				LOCALIZATION_PREFERS_STRING_CATALOGS = YES;
				MTL_ENABLE_DEBUG_INFO = NO;
				MTL_FAST_MATH = YES;
				SDKROOT = iphoneos;
				SWIFT_COMPILATION_MODE = wholemodule;
				VALIDATE_PRODUCT = YES;
			};
			name = Release;
		};
		2163FF212B6C236C00878E7B /* Debug */ = {
			isa = XCBuildConfiguration;
			buildSettings = {
				ASSETCATALOG_COMPILER_APPICON_NAME = AppIcon;
				ASSETCATALOG_COMPILER_GLOBAL_ACCENT_COLOR_NAME = AccentColor;
				CODE_SIGN_STYLE = Automatic;
				CURRENT_PROJECT_VERSION = 1;
				DEVELOPMENT_ASSET_PATHS = "\"Rimittance/Preview Content\"";
				DEVELOPMENT_TEAM = MGCY2WK7TS;
				ENABLE_PREVIEWS = YES;
				GENERATE_INFOPLIST_FILE = YES;
				INFOPLIST_FILE = Rimittance/Info.plist;
				INFOPLIST_KEY_UIApplicationSceneManifest_Generation = YES;
				INFOPLIST_KEY_UIApplicationSupportsIndirectInputEvents = YES;
				INFOPLIST_KEY_UILaunchScreen_Generation = YES;
				INFOPLIST_KEY_UISupportedInterfaceOrientations_iPad = "UIInterfaceOrientationPortrait UIInterfaceOrientationPortraitUpsideDown UIInterfaceOrientationLandscapeLeft UIInterfaceOrientationLandscapeRight";
				INFOPLIST_KEY_UISupportedInterfaceOrientations_iPhone = "UIInterfaceOrientationPortrait UIInterfaceOrientationLandscapeLeft UIInterfaceOrientationLandscapeRight";
				IPHONEOS_DEPLOYMENT_TARGET = 15.0;
				LD_RUNPATH_SEARCH_PATHS = (
					"$(inherited)",
					"@executable_path/Frameworks",
				);
				MARKETING_VERSION = 1.0;
				PRODUCT_BUNDLE_IDENTIFIER = com.ayoub.Rimittance;
				PRODUCT_NAME = "$(TARGET_NAME)";
				SWIFT_EMIT_LOC_STRINGS = YES;
				SWIFT_VERSION = 5.0;
				TARGETED_DEVICE_FAMILY = "1,2";
			};
			name = Debug;
		};
		2163FF222B6C236C00878E7B /* Release */ = {
			isa = XCBuildConfiguration;
			buildSettings = {
				ASSETCATALOG_COMPILER_APPICON_NAME = AppIcon;
				ASSETCATALOG_COMPILER_GLOBAL_ACCENT_COLOR_NAME = AccentColor;
				CODE_SIGN_STYLE = Automatic;
				CURRENT_PROJECT_VERSION = 1;
				DEVELOPMENT_ASSET_PATHS = "\"Rimittance/Preview Content\"";
				DEVELOPMENT_TEAM = MGCY2WK7TS;
				ENABLE_PREVIEWS = YES;
				GENERATE_INFOPLIST_FILE = YES;
				INFOPLIST_FILE = Rimittance/Info.plist;
				INFOPLIST_KEY_UIApplicationSceneManifest_Generation = YES;
				INFOPLIST_KEY_UIApplicationSupportsIndirectInputEvents = YES;
				INFOPLIST_KEY_UILaunchScreen_Generation = YES;
				INFOPLIST_KEY_UISupportedInterfaceOrientations_iPad = "UIInterfaceOrientationPortrait UIInterfaceOrientationPortraitUpsideDown UIInterfaceOrientationLandscapeLeft UIInterfaceOrientationLandscapeRight";
				INFOPLIST_KEY_UISupportedInterfaceOrientations_iPhone = "UIInterfaceOrientationPortrait UIInterfaceOrientationLandscapeLeft UIInterfaceOrientationLandscapeRight";
				IPHONEOS_DEPLOYMENT_TARGET = 15.0;
				LD_RUNPATH_SEARCH_PATHS = (
					"$(inherited)",
					"@executable_path/Frameworks",
				);
				MARKETING_VERSION = 1.0;
				PRODUCT_BUNDLE_IDENTIFIER = com.ayoub.Rimittance;
				PRODUCT_NAME = "$(TARGET_NAME)";
				SWIFT_EMIT_LOC_STRINGS = YES;
				SWIFT_VERSION = 5.0;
				TARGETED_DEVICE_FAMILY = "1,2";
			};
			name = Release;
		};
		2163FF242B6C236C00878E7B /* Debug */ = {
			isa = XCBuildConfiguration;
			buildSettings = {
				ALWAYS_EMBED_SWIFT_STANDARD_LIBRARIES = YES;
				BUNDLE_LOADER = "$(TEST_HOST)";
				CODE_SIGN_STYLE = Automatic;
				CURRENT_PROJECT_VERSION = 1;
				DEVELOPMENT_TEAM = MGCY2WK7TS;
				GENERATE_INFOPLIST_FILE = YES;
				IPHONEOS_DEPLOYMENT_TARGET = 17.0;
				MARKETING_VERSION = 1.0;
				PRODUCT_BUNDLE_IDENTIFIER = com.ayoub.RimittanceTests;
				PRODUCT_NAME = "$(TARGET_NAME)";
				SWIFT_EMIT_LOC_STRINGS = NO;
				SWIFT_VERSION = 5.0;
				TARGETED_DEVICE_FAMILY = "1,2";
				TEST_HOST = "$(BUILT_PRODUCTS_DIR)/Rimittance.app/$(BUNDLE_EXECUTABLE_FOLDER_PATH)/Rimittance";
			};
			name = Debug;
		};
		2163FF252B6C236C00878E7B /* Release */ = {
			isa = XCBuildConfiguration;
			buildSettings = {
				ALWAYS_EMBED_SWIFT_STANDARD_LIBRARIES = YES;
				BUNDLE_LOADER = "$(TEST_HOST)";
				CODE_SIGN_STYLE = Automatic;
				CURRENT_PROJECT_VERSION = 1;
				DEVELOPMENT_TEAM = MGCY2WK7TS;
				GENERATE_INFOPLIST_FILE = YES;
				IPHONEOS_DEPLOYMENT_TARGET = 17.0;
				MARKETING_VERSION = 1.0;
				PRODUCT_BUNDLE_IDENTIFIER = com.ayoub.RimittanceTests;
				PRODUCT_NAME = "$(TARGET_NAME)";
				SWIFT_EMIT_LOC_STRINGS = NO;
				SWIFT_VERSION = 5.0;
				TARGETED_DEVICE_FAMILY = "1,2";
				TEST_HOST = "$(BUILT_PRODUCTS_DIR)/Rimittance.app/$(BUNDLE_EXECUTABLE_FOLDER_PATH)/Rimittance";
			};
			name = Release;
		};
		2163FF272B6C236C00878E7B /* Debug */ = {
			isa = XCBuildConfiguration;
			buildSettings = {
				ALWAYS_EMBED_SWIFT_STANDARD_LIBRARIES = YES;
				CODE_SIGN_STYLE = Automatic;
				CURRENT_PROJECT_VERSION = 1;
				DEVELOPMENT_TEAM = MGCY2WK7TS;
				GENERATE_INFOPLIST_FILE = YES;
				MARKETING_VERSION = 1.0;
				PRODUCT_BUNDLE_IDENTIFIER = com.ayoub.RimittanceUITests;
				PRODUCT_NAME = "$(TARGET_NAME)";
				SWIFT_EMIT_LOC_STRINGS = NO;
				SWIFT_VERSION = 5.0;
				TARGETED_DEVICE_FAMILY = "1,2";
				TEST_TARGET_NAME = Rimittance;
			};
			name = Debug;
		};
		2163FF282B6C236C00878E7B /* Release */ = {
			isa = XCBuildConfiguration;
			buildSettings = {
				ALWAYS_EMBED_SWIFT_STANDARD_LIBRARIES = YES;
				CODE_SIGN_STYLE = Automatic;
				CURRENT_PROJECT_VERSION = 1;
				DEVELOPMENT_TEAM = MGCY2WK7TS;
				GENERATE_INFOPLIST_FILE = YES;
				MARKETING_VERSION = 1.0;
				PRODUCT_BUNDLE_IDENTIFIER = com.ayoub.RimittanceUITests;
				PRODUCT_NAME = "$(TARGET_NAME)";
				SWIFT_EMIT_LOC_STRINGS = NO;
				SWIFT_VERSION = 5.0;
				TARGETED_DEVICE_FAMILY = "1,2";
				TEST_TARGET_NAME = Rimittance;
			};
			name = Release;
		};
/* End XCBuildConfiguration section */

/* Begin XCConfigurationList section */
		2163FEF72B6C236B00878E7B /* Build configuration list for PBXProject "Rimittance" */ = {
			isa = XCConfigurationList;
			buildConfigurations = (
				2163FF1E2B6C236C00878E7B /* Debug */,
				2163FF1F2B6C236C00878E7B /* Release */,
			);
			defaultConfigurationIsVisible = 0;
			defaultConfigurationName = Release;
		};
		2163FF202B6C236C00878E7B /* Build configuration list for PBXNativeTarget "Rimittance" */ = {
			isa = XCConfigurationList;
			buildConfigurations = (
				2163FF212B6C236C00878E7B /* Debug */,
				2163FF222B6C236C00878E7B /* Release */,
			);
			defaultConfigurationIsVisible = 0;
			defaultConfigurationName = Release;
		};
		2163FF232B6C236C00878E7B /* Build configuration list for PBXNativeTarget "RimittanceTests" */ = {
			isa = XCConfigurationList;
			buildConfigurations = (
				2163FF242B6C236C00878E7B /* Debug */,
				2163FF252B6C236C00878E7B /* Release */,
			);
			defaultConfigurationIsVisible = 0;
			defaultConfigurationName = Release;
		};
		2163FF262B6C236C00878E7B /* Build configuration list for PBXNativeTarget "RimittanceUITests" */ = {
			isa = XCConfigurationList;
			buildConfigurations = (
				2163FF272B6C236C00878E7B /* Debug */,
				2163FF282B6C236C00878E7B /* Release */,
			);
			defaultConfigurationIsVisible = 0;
			defaultConfigurationName = Release;
		};
/* End XCConfigurationList section */

/* Begin XCRemoteSwiftPackageReference section */
		2163FF8B2B6C452800878E7B /* XCRemoteSwiftPackageReference "Alamofire" */ = {
			isa = XCRemoteSwiftPackageReference;
			repositoryURL = "https://github.com/Alamofire/Alamofire.git";
			requirement = {
				kind = upToNextMajorVersion;
				minimumVersion = 5.8.1;
			};
		};
		2163FF8E2B6C455900878E7B /* XCRemoteSwiftPackageReference "BottomSheetUI-iOS" */ = {
			isa = XCRemoteSwiftPackageReference;
			repositoryURL = "https://github.com/ayoubElhoucine/BottomSheetUI-iOS";
			requirement = {
				branch = main;
				kind = branch;
			};
		};
/* End XCRemoteSwiftPackageReference section */

/* Begin XCSwiftPackageProductDependency section */
		2163FF8C2B6C452800878E7B /* Alamofire */ = {
			isa = XCSwiftPackageProductDependency;
			package = 2163FF8B2B6C452800878E7B /* XCRemoteSwiftPackageReference "Alamofire" */;
			productName = Alamofire;
		};
		2163FF8F2B6C455900878E7B /* BottomSheetUI */ = {
			isa = XCSwiftPackageProductDependency;
			package = 2163FF8E2B6C455900878E7B /* XCRemoteSwiftPackageReference "BottomSheetUI-iOS" */;
			productName = BottomSheetUI;
		};
/* End XCSwiftPackageProductDependency section */
	};
	rootObject = 2163FEF42B6C236B00878E7B /* Project object */;
}
